
Microsoft Visual Studio Solution File, Format Version 12.00
# Visual Studio Version 16
VisualStudioVersion = 16.0.28803.202
MinimumVisualStudioVersion = 10.0.40219.1
Project("{FAE04EC0-301F-11D3-BF4B-00C04F79EFBC}") = "ByteBank", "ByteBank\ByteBank.csproj", "{FA165B54-18EC-4872-B2FB-B9D6991E7157}"
EndProject
Global
	GlobalSection(SolutionConfigurationPlatforms) = preSolution
		Debug|Any CPU = Debug|Any CPU
		Release|Any CPU = Release|Any CPU
	EndGlobalSection
	GlobalSection(ProjectConfigurationPlatforms) = postSolution
		{FA165B54-18EC-4872-B2FB-B9D6991E7157}.Debug|Any CPU.ActiveCfg = Debug|Any CPU
		{FA165B54-18EC-4872-B2FB-B9D6991E7157}.Debug|Any CPU.Build.0 = Debug|Any CPU
		{FA165B54-18EC-4872-B2FB-B9D6991E7157}.Release|Any CPU.ActiveCfg = Release|Any CPU
		{FA165B54-18EC-4872-B2FB-B9D6991E7157}.Release|Any CPU.Build.0 = Release|Any CPU
	EndGlobalSection
	GlobalSection(SolutionProperties) = preSolution
		HideSolutionNode = FALSE
	EndGlobalSection
	GlobalSection(ExtensibilityGlobals) = postSolution
		SolutionGuid = {0C75C0D9-A2BF-4E7B-807F-EB59CB00ABFF}
	EndGlobalSection
EndGlobal
